// !$*UTF8*$!
{
	archiveVersion = 1;
	classes = {
	};
	objectVersion = 56;
	objects = {

/* Begin PBXBuildFile section */
		B482C00A2A2DBC2600E13EC5 /* AllDoneApp.swift in Sources */ = {isa = PBXBuildFile; fileRef = B482C0092A2DBC2600E13EC5 /* AllDoneApp.swift */; };
		B482C00C2A2DBC2600E13EC5 /* ContentView.swift in Sources */ = {isa = PBXBuildFile; fileRef = B482C00B2A2DBC2600E13EC5 /* ContentView.swift */; };
		B482C00E2A2DBC2800E13EC5 /* Assets.xcassets in Resources */ = {isa = PBXBuildFile; fileRef = B482C00D2A2DBC2800E13EC5 /* Assets.xcassets */; };
		B482C0112A2DBC2800E13EC5 /* Preview Assets.xcassets in Resources */ = {isa = PBXBuildFile; fileRef = B482C0102A2DBC2800E13EC5 /* Preview Assets.xcassets */; };
		B482C01B2A2EF91500E13EC5 /* LoginView.swift in Sources */ = {isa = PBXBuildFile; fileRef = B482C01A2A2EF91500E13EC5 /* LoginView.swift */; };
		B482C01F2A2EF9CE00E13EC5 /* SignupView.swift in Sources */ = {isa = PBXBuildFile; fileRef = B482C01E2A2EF9CE00E13EC5 /* SignupView.swift */; };
		B482C0212A2F04AB00E13EC5 /* BgGradientView.swift in Sources */ = {isa = PBXBuildFile; fileRef = B482C0202A2F04AB00E13EC5 /* BgGradientView.swift */; };
		B482C0232A2F08E800E13EC5 /* LogoView.swift in Sources */ = {isa = PBXBuildFile; fileRef = B482C0222A2F08E800E13EC5 /* LogoView.swift */; };
/* End PBXBuildFile section */

/* Begin PBXFileReference section */
		B482C0062A2DBC2600E13EC5 /* AllDone.app */ = {isa = PBXFileReference; explicitFileType = wrapper.application; includeInIndex = 0; path = AllDone.app; sourceTree = BUILT_PRODUCTS_DIR; };
		B482C0092A2DBC2600E13EC5 /* AllDoneApp.swift */ = {isa = PBXFileReference; lastKnownFileType = sourcecode.swift; path = AllDoneApp.swift; sourceTree = "<group>"; };
		B482C00B2A2DBC2600E13EC5 /* ContentView.swift */ = {isa = PBXFileReference; lastKnownFileType = sourcecode.swift; path = ContentView.swift; sourceTree = "<group>"; };
		B482C00D2A2DBC2800E13EC5 /* Assets.xcassets */ = {isa = PBXFileReference; lastKnownFileType = folder.assetcatalog; path = Assets.xcassets; sourceTree = "<group>"; };
		B482C0102A2DBC2800E13EC5 /* Preview Assets.xcassets */ = {isa = PBXFileReference; lastKnownFileType = folder.assetcatalog; path = "Preview Assets.xcassets"; sourceTree = "<group>"; };
		B482C01A2A2EF91500E13EC5 /* LoginView.swift */ = {isa = PBXFileReference; lastKnownFileType = sourcecode.swift; path = LoginView.swift; sourceTree = "<group>"; };
		B482C01E2A2EF9CE00E13EC5 /* SignupView.swift */ = {isa = PBXFileReference; lastKnownFileType = sourcecode.swift; path = SignupView.swift; sourceTree = "<group>"; };
		B482C0202A2F04AB00E13EC5 /* BgGradientView.swift */ = {isa = PBXFileReference; lastKnownFileType = sourcecode.swift; path = BgGradientView.swift; sourceTree = "<group>"; };
		B482C0222A2F08E800E13EC5 /* LogoView.swift */ = {isa = PBXFileReference; lastKnownFileType = sourcecode.swift; path = LogoView.swift; sourceTree = "<group>"; };
/* End PBXFileReference section */

/* Begin PBXFrameworksBuildPhase section */
		B482C0032A2DBC2600E13EC5 /* Frameworks */ = {
			isa = PBXFrameworksBuildPhase;
			buildActionMask = 2147483647;
			files = (
			);
			runOnlyForDeploymentPostprocessing = 0;
		};
/* End PBXFrameworksBuildPhase section */

/* Begin PBXGroup section */
		B482BFFD2A2DBC2600E13EC5 = {
			isa = PBXGroup;
			children = (
				B482C0082A2DBC2600E13EC5 /* AllDone */,
				B482C0072A2DBC2600E13EC5 /* Products */,
			);
			sourceTree = "<group>";
		};
		B482C0072A2DBC2600E13EC5 /* Products */ = {
			isa = PBXGroup;
			children = (
				B482C0062A2DBC2600E13EC5 /* AllDone.app */,
			);
			name = Products;
			sourceTree = "<group>";
		};
		B482C0082A2DBC2600E13EC5 /* AllDone */ = {
			isa = PBXGroup;
			children = (
				B482C0172A2EF76F00E13EC5 /* Model */,
				B482C0182A2EF77500E13EC5 /* View */,
				B482C0192A2EF78800E13EC5 /* ViewModel */,
				B482C0092A2DBC2600E13EC5 /* AllDoneApp.swift */,
				B482C00B2A2DBC2600E13EC5 /* ContentView.swift */,
				B482C00D2A2DBC2800E13EC5 /* Assets.xcassets */,
				B482C00F2A2DBC2800E13EC5 /* Preview Content */,
			);
			path = AllDone;
			sourceTree = "<group>";
		};
		B482C00F2A2DBC2800E13EC5 /* Preview Content */ = {
			isa = PBXGroup;
			children = (
				B482C0102A2DBC2800E13EC5 /* Preview Assets.xcassets */,
			);
			path = "Preview Content";
			sourceTree = "<group>";
		};
		B482C0172A2EF76F00E13EC5 /* Model */ = {
			isa = PBXGroup;
			children = (
			);
			path = Model;
			sourceTree = "<group>";
		};
		B482C0182A2EF77500E13EC5 /* View */ = {
			isa = PBXGroup;
			children = (
				B482C01D2A2EF95600E13EC5 /* Auth */,
				B482C01C2A2EF95100E13EC5 /* Utils */,
			);
			path = View;
			sourceTree = "<group>";
		};
		B482C0192A2EF78800E13EC5 /* ViewModel */ = {
			isa = PBXGroup;
			children = (
			);
			path = ViewModel;
			sourceTree = "<group>";
		};
		B482C01C2A2EF95100E13EC5 /* Utils */ = {
			isa = PBXGroup;
			children = (
				B482C0202A2F04AB00E13EC5 /* BgGradientView.swift */,
				B482C0222A2F08E800E13EC5 /* LogoView.swift */,
			);
			path = Utils;
			sourceTree = "<group>";
		};
		B482C01D2A2EF95600E13EC5 /* Auth */ = {
			isa = PBXGroup;
			children = (
				B482C01A2A2EF91500E13EC5 /* LoginView.swift */,
				B482C01E2A2EF9CE00E13EC5 /* SignupView.swift */,
			);
			path = Auth;
			sourceTree = "<group>";
		};
/* End PBXGroup section */

/* Begin PBXNativeTarget section */
		B482C0052A2DBC2600E13EC5 /* AllDone */ = {
			isa = PBXNativeTarget;
			buildConfigurationList = B482C0142A2DBC2800E13EC5 /* Build configuration list for PBXNativeTarget "AllDone" */;
			buildPhases = (
				B482C0022A2DBC2600E13EC5 /* Sources */,
				B482C0032A2DBC2600E13EC5 /* Frameworks */,
				B482C0042A2DBC2600E13EC5 /* Resources */,
			);
			buildRules = (
			);
			dependencies = (
			);
			name = AllDone;
			productName = AllDone;
			productReference = B482C0062A2DBC2600E13EC5 /* AllDone.app */;
			productType = "com.apple.product-type.application";
		};
/* End PBXNativeTarget section */

/* Begin PBXProject section */
		B482BFFE2A2DBC2600E13EC5 /* Project object */ = {
			isa = PBXProject;
			attributes = {
				BuildIndependentTargetsInParallel = 1;
				LastSwiftUpdateCheck = 1430;
				LastUpgradeCheck = 1430;
				TargetAttributes = {
					B482C0052A2DBC2600E13EC5 = {
						CreatedOnToolsVersion = 14.3.1;
					};
				};
			};
			buildConfigurationList = B482C0012A2DBC2600E13EC5 /* Build configuration list for PBXProject "AllDone" */;
			compatibilityVersion = "Xcode 14.0";
			developmentRegion = en;
			hasScannedForEncodings = 0;
			knownRegions = (
				en,
				Base,
			);
			mainGroup = B482BFFD2A2DBC2600E13EC5;
			productRefGroup = B482C0072A2DBC2600E13EC5 /* Products */;
			projectDirPath = "";
			projectRoot = "";
			targets = (
				B482C0052A2DBC2600E13EC5 /* AllDone */,
			);
		};
/* End PBXProject section */

/* Begin PBXResourcesBuildPhase section */
		B482C0042A2DBC2600E13EC5 /* Resources */ = {
			isa = PBXResourcesBuildPhase;
			buildActionMask = 2147483647;
			files = (
				B482C0112A2DBC2800E13EC5 /* Preview Assets.xcassets in Resources */,
				B482C00E2A2DBC2800E13EC5 /* Assets.xcassets in Resources */,
			);
			runOnlyForDeploymentPostprocessing = 0;
		};
/* End PBXResourcesBuildPhase section */

/* Begin PBXSourcesBuildPhase section */
		B482C0022A2DBC2600E13EC5 /* Sources */ = {
			isa = PBXSourcesBuildPhase;
			buildActionMask = 2147483647;
			files = (
				B482C01F2A2EF9CE00E13EC5 /* SignupView.swift in Sources */,
				B482C0232A2F08E800E13EC5 /* LogoView.swift in Sources */,
				B482C0212A2F04AB00E13EC5 /* BgGradientView.swift in Sources */,
				B482C01B2A2EF91500E13EC5 /* LoginView.swift in Sources */,
				B482C00C2A2DBC2600E13EC5 /* ContentView.swift in Sources */,
				B482C00A2A2DBC2600E13EC5 /* AllDoneApp.swift in Sources */,
			);
			runOnlyForDeploymentPostprocessing = 0;
		};
/* End PBXSourcesBuildPhase section */

/* Begin XCBuildConfiguration section */
		B482C0122A2DBC2800E13EC5 /* Debug */ = {
			isa = XCBuildConfiguration;
			buildSettings = {
				ALWAYS_SEARCH_USER_PATHS = NO;
				CLANG_ANALYZER_NONNULL = YES;
				CLANG_ANALYZER_NUMBER_OBJECT_CONVERSION = YES_AGGRESSIVE;
				CLANG_CXX_LANGUAGE_STANDARD = "gnu++20";
				CLANG_ENABLE_MODULES = YES;
				CLANG_ENABLE_OBJC_ARC = YES;
				CLANG_ENABLE_OBJC_WEAK = YES;
				CLANG_WARN_BLOCK_CAPTURE_AUTORELEASING = YES;
				CLANG_WARN_BOOL_CONVERSION = YES;
				CLANG_WARN_COMMA = YES;
				CLANG_WARN_CONSTANT_CONVERSION = YES;
				CLANG_WARN_DEPRECATED_OBJC_IMPLEMENTATIONS = YES;
				CLANG_WARN_DIRECT_OBJC_ISA_USAGE = YES_ERROR;
				CLANG_WARN_DOCUMENTATION_COMMENTS = YES;
				CLANG_WARN_EMPTY_BODY = YES;
				CLANG_WARN_ENUM_CONVERSION = YES;
				CLANG_WARN_INFINITE_RECURSION = YES;
				CLANG_WARN_INT_CONVERSION = YES;
				CLANG_WARN_NON_LITERAL_NULL_CONVERSION = YES;
				CLANG_WARN_OBJC_IMPLICIT_RETAIN_SELF = YES;
				CLANG_WARN_OBJC_LITERAL_CONVERSION = YES;
				CLANG_WARN_OBJC_ROOT_CLASS = YES_ERROR;
				CLANG_WARN_QUOTED_INCLUDE_IN_FRAMEWORK_HEADER = YES;
				CLANG_WARN_RANGE_LOOP_ANALYSIS = YES;
				CLANG_WARN_STRICT_PROTOTYPES = YES;
				CLANG_WARN_SUSPICIOUS_MOVE = YES;
				CLANG_WARN_UNGUARDED_AVAILABILITY = YES_AGGRESSIVE;
				CLANG_WARN_UNREACHABLE_CODE = YES;
				CLANG_WARN__DUPLICATE_METHOD_MATCH = YES;
				COPY_PHASE_STRIP = NO;
				DEBUG_INFORMATION_FORMAT = dwarf;
				ENABLE_STRICT_OBJC_MSGSEND = YES;
				ENABLE_TESTABILITY = YES;
				GCC_C_LANGUAGE_STANDARD = gnu11;
				GCC_DYNAMIC_NO_PIC = NO;
				GCC_NO_COMMON_BLOCKS = YES;
				GCC_OPTIMIZATION_LEVEL = 0;
				GCC_PREPROCESSOR_DEFINITIONS = (
					"DEBUG=1",
					"$(inherited)",
				);
				GCC_WARN_64_TO_32_BIT_CONVERSION = YES;
				GCC_WARN_ABOUT_RETURN_TYPE = YES_ERROR;
				GCC_WARN_UNDECLARED_SELECTOR = YES;
				GCC_WARN_UNINITIALIZED_AUTOS = YES_AGGRESSIVE;
				GCC_WARN_UNUSED_FUNCTION = YES;
				GCC_WARN_UNUSED_VARIABLE = YES;
				IPHONEOS_DEPLOYMENT_TARGET = 16.4;
				MTL_ENABLE_DEBUG_INFO = INCLUDE_SOURCE;
				MTL_FAST_MATH = YES;
				ONLY_ACTIVE_ARCH = YES;
				SDKROOT = iphoneos;
				SWIFT_ACTIVE_COMPILATION_CONDITIONS = DEBUG;
				SWIFT_OPTIMIZATION_LEVEL = "-Onone";
			};
			name = Debug;
		};
		B482C0132A2DBC2800E13EC5 /* Release */ = {
			isa = XCBuildConfiguration;
			buildSettings = {
				ALWAYS_SEARCH_USER_PATHS = NO;
				CLANG_ANALYZER_NONNULL = YES;
				CLANG_ANALYZER_NUMBER_OBJECT_CONVERSION = YES_AGGRESSIVE;
				CLANG_CXX_LANGUAGE_STANDARD = "gnu++20";
				CLANG_ENABLE_MODULES = YES;
				CLANG_ENABLE_OBJC_ARC = YES;
				CLANG_ENABLE_OBJC_WEAK = YES;
				CLANG_WARN_BLOCK_CAPTURE_AUTORELEASING = YES;
				CLANG_WARN_BOOL_CONVERSION = YES;
				CLANG_WARN_COMMA = YES;
				CLANG_WARN_CONSTANT_CONVERSION = YES;
				CLANG_WARN_DEPRECATED_OBJC_IMPLEMENTATIONS = YES;
				CLANG_WARN_DIRECT_OBJC_ISA_USAGE = YES_ERROR;
				CLANG_WARN_DOCUMENTATION_COMMENTS = YES;
				CLANG_WARN_EMPTY_BODY = YES;
				CLANG_WARN_ENUM_CONVERSION = YES;
				CLANG_WARN_INFINITE_RECURSION = YES;
				CLANG_WARN_INT_CONVERSION = YES;
				CLANG_WARN_NON_LITERAL_NULL_CONVERSION = YES;
				CLANG_WARN_OBJC_IMPLICIT_RETAIN_SELF = YES;
				CLANG_WARN_OBJC_LITERAL_CONVERSION = YES;
				CLANG_WARN_OBJC_ROOT_CLASS = YES_ERROR;
				CLANG_WARN_QUOTED_INCLUDE_IN_FRAMEWORK_HEADER = YES;
				CLANG_WARN_RANGE_LOOP_ANALYSIS = YES;
				CLANG_WARN_STRICT_PROTOTYPES = YES;
				CLANG_WARN_SUSPICIOUS_MOVE = YES;
				CLANG_WARN_UNGUARDED_AVAILABILITY = YES_AGGRESSIVE;
				CLANG_WARN_UNREACHABLE_CODE = YES;
				CLANG_WARN__DUPLICATE_METHOD_MATCH = YES;
				COPY_PHASE_STRIP = NO;
				DEBUG_INFORMATION_FORMAT = "dwarf-with-dsym";
				ENABLE_NS_ASSERTIONS = NO;
				ENABLE_STRICT_OBJC_MSGSEND = YES;
				GCC_C_LANGUAGE_STANDARD = gnu11;
				GCC_NO_COMMON_BLOCKS = YES;
				GCC_WARN_64_TO_32_BIT_CONVERSION = YES;
				GCC_WARN_ABOUT_RETURN_TYPE = YES_ERROR;
				GCC_WARN_UNDECLARED_SELECTOR = YES;
				GCC_WARN_UNINITIALIZED_AUTOS = YES_AGGRESSIVE;
				GCC_WARN_UNUSED_FUNCTION = YES;
				GCC_WARN_UNUSED_VARIABLE = YES;
				IPHONEOS_DEPLOYMENT_TARGET = 16.4;
				MTL_ENABLE_DEBUG_INFO = NO;
				MTL_FAST_MATH = YES;
				SDKROOT = iphoneos;
				SWIFT_COMPILATION_MODE = wholemodule;
				SWIFT_OPTIMIZATION_LEVEL = "-O";
				VALIDATE_PRODUCT = YES;
			};
			name = Release;
		};
		B482C0152A2DBC2800E13EC5 /* Debug */ = {
			isa = XCBuildConfiguration;
			buildSettings = {
				ASSETCATALOG_COMPILER_APPICON_NAME = AppIcon;
				ASSETCATALOG_COMPILER_GLOBAL_ACCENT_COLOR_NAME = AccentColor;
				CODE_SIGN_STYLE = Automatic;
				CURRENT_PROJECT_VERSION = 1;
				DEVELOPMENT_ASSET_PATHS = "\"AllDone/Preview Content\"";
				DEVELOPMENT_TEAM = ZJUQAVTLY7;
				ENABLE_PREVIEWS = YES;
				GENERATE_INFOPLIST_FILE = YES;
				INFOPLIST_KEY_UIApplicationSceneManifest_Generation = YES;
				INFOPLIST_KEY_UIApplicationSupportsIndirectInputEvents = YES;
				INFOPLIST_KEY_UILaunchScreen_Generation = YES;
				INFOPLIST_KEY_UISupportedInterfaceOrientations = UIInterfaceOrientationPortrait;
				INFOPLIST_KEY_UISupportedInterfaceOrientations_iPad = "UIInterfaceOrientationLandscapeLeft UIInterfaceOrientationLandscapeRight UIInterfaceOrientationPortrait UIInterfaceOrientationPortraitUpsideDown";
				LD_RUNPATH_SEARCH_PATHS = (
					"$(inherited)",
					"@executable_path/Frameworks",
				);
				MARKETING_VERSION = 1.0;
				PRODUCT_BUNDLE_IDENTIFIER = com.sergioherrera.AllDone;
				PRODUCT_NAME = "$(TARGET_NAME)";
				SUPPORTED_PLATFORMS = "iphoneos iphonesimulator";
				SUPPORTS_MACCATALYST = NO;
				SUPPORTS_MAC_DESIGNED_FOR_IPHONE_IPAD = NO;
				SWIFT_EMIT_LOC_STRINGS = YES;
				SWIFT_VERSION = 5.0;
				TARGETED_DEVICE_FAMILY = 1;
			};
			name = Debug;
		};
		B482C0162A2DBC2800E13EC5 /* Release */ = {
			isa = XCBuildConfiguration;
			buildSettings = {
				ASSETCATALOG_COMPILER_APPICON_NAME = AppIcon;
				ASSETCATALOG_COMPILER_GLOBAL_ACCENT_COLOR_NAME = AccentColor;
				CODE_SIGN_STYLE = Automatic;
				CURRENT_PROJECT_VERSION = 1;
				DEVELOPMENT_ASSET_PATHS = "\"AllDone/Preview Content\"";
				DEVELOPMENT_TEAM = ZJUQAVTLY7;
				ENABLE_PREVIEWS = YES;
				GENERATE_INFOPLIST_FILE = YES;
				INFOPLIST_KEY_UIApplicationSceneManifest_Generation = YES;
				INFOPLIST_KEY_UIApplicationSupportsIndirectInputEvents = YES;
				INFOPLIST_KEY_UILaunchScreen_Generation = YES;
				INFOPLIST_KEY_UISupportedInterfaceOrientations = UIInterfaceOrientationPortrait;
				INFOPLIST_KEY_UISupportedInterfaceOrientations_iPad = "UIInterfaceOrientationLandscapeLeft UIInterfaceOrientationLandscapeRight UIInterfaceOrientationPortrait UIInterfaceOrientationPortraitUpsideDown";
				LD_RUNPATH_SEARCH_PATHS = (
					"$(inherited)",
					"@executable_path/Frameworks",
				);
				MARKETING_VERSION = 1.0;
				PRODUCT_BUNDLE_IDENTIFIER = com.sergioherrera.AllDone;
				PRODUCT_NAME = "$(TARGET_NAME)";
				SUPPORTED_PLATFORMS = "iphoneos iphonesimulator";
				SUPPORTS_MACCATALYST = NO;
				SUPPORTS_MAC_DESIGNED_FOR_IPHONE_IPAD = NO;
				SWIFT_EMIT_LOC_STRINGS = YES;
				SWIFT_VERSION = 5.0;
				TARGETED_DEVICE_FAMILY = 1;
			};
			name = Release;
		};
/* End XCBuildConfiguration section */

/* Begin XCConfigurationList section */
		B482C0012A2DBC2600E13EC5 /* Build configuration list for PBXProject "AllDone" */ = {
			isa = XCConfigurationList;
			buildConfigurations = (
				B482C0122A2DBC2800E13EC5 /* Debug */,
				B482C0132A2DBC2800E13EC5 /* Release */,
			);
			defaultConfigurationIsVisible = 0;
			defaultConfigurationName = Release;
		};
		B482C0142A2DBC2800E13EC5 /* Build configuration list for PBXNativeTarget "AllDone" */ = {
			isa = XCConfigurationList;
			buildConfigurations = (
				B482C0152A2DBC2800E13EC5 /* Debug */,
				B482C0162A2DBC2800E13EC5 /* Release */,
			);
			defaultConfigurationIsVisible = 0;
			defaultConfigurationName = Release;
		};
/* End XCConfigurationList section */
	};
	rootObject = B482BFFE2A2DBC2600E13EC5 /* Project object */;
}
